// !$*UTF8*$!
{
	archiveVersion = 1;
	classes = {
	};
	objectVersion = 46;
	objects = {

/* Begin PBXBuildFile section */
		0B6961A81F666C4B00E1FAFF /* main.m in Sources */ = {isa = PBXBuildFile; fileRef = 0B6961A71F666C4B00E1FAFF /* main.m */; };
		0B6961AB1F666C4B00E1FAFF /* AppDelegate.m in Sources */ = {isa = PBXBuildFile; fileRef = 0B6961AA1F666C4B00E1FAFF /* AppDelegate.m */; };
		0B6961AE1F666C4B00E1FAFF /* ViewController.m in Sources */ = {isa = PBXBuildFile; fileRef = 0B6961AD1F666C4B00E1FAFF /* ViewController.m */; };
		0B6961B11F666C4B00E1FAFF /* Main.storyboard in Resources */ = {isa = PBXBuildFile; fileRef = 0B6961AF1F666C4B00E1FAFF /* Main.storyboard */; };
		0B6961B31F666C4B00E1FAFF /* Assets.xcassets in Resources */ = {isa = PBXBuildFile; fileRef = 0B6961B21F666C4B00E1FAFF /* Assets.xcassets */; };
		0B6961B61F666C4B00E1FAFF /* LaunchScreen.storyboard in Resources */ = {isa = PBXBuildFile; fileRef = 0B6961B41F666C4B00E1FAFF /* LaunchScreen.storyboard */; };
		0B7BFD871F75336E00BD97DF /* circleTimer.m in Sources */ = {isa = PBXBuildFile; fileRef = 0B7BFD861F75336E00BD97DF /* circleTimer.m */; };
/* End PBXBuildFile section */

/* Begin PBXFileReference section */
		0B6961A31F666C4B00E1FAFF /* Countdown.app */ = {isa = PBXFileReference; explicitFileType = wrapper.application; includeInIndex = 0; path = Countdown.app; sourceTree = BUILT_PRODUCTS_DIR; };
		0B6961A71F666C4B00E1FAFF /* main.m */ = {isa = PBXFileReference; lastKnownFileType = sourcecode.c.objc; path = main.m; sourceTree = "<group>"; };
		0B6961A91F666C4B00E1FAFF /* AppDelegate.h */ = {isa = PBXFileReference; lastKnownFileType = sourcecode.c.h; path = AppDelegate.h; sourceTree = "<group>"; };
		0B6961AA1F666C4B00E1FAFF /* AppDelegate.m */ = {isa = PBXFileReference; lastKnownFileType = sourcecode.c.objc; path = AppDelegate.m; sourceTree = "<group>"; };
		0B6961AC1F666C4B00E1FAFF /* ViewController.h */ = {isa = PBXFileReference; lastKnownFileType = sourcecode.c.h; path = ViewController.h; sourceTree = "<group>"; };
		0B6961AD1F666C4B00E1FAFF /* ViewController.m */ = {isa = PBXFileReference; lastKnownFileType = sourcecode.c.objc; path = ViewController.m; sourceTree = "<group>"; };
		0B6961B01F666C4B00E1FAFF /* Base */ = {isa = PBXFileReference; lastKnownFileType = file.storyboard; name = Base; path = Base.lproj/Main.storyboard; sourceTree = "<group>"; };
		0B6961B21F666C4B00E1FAFF /* Assets.xcassets */ = {isa = PBXFileReference; lastKnownFileType = folder.assetcatalog; path = Assets.xcassets; sourceTree = "<group>"; };
		0B6961B51F666C4B00E1FAFF /* Base */ = {isa = PBXFileReference; lastKnownFileType = file.storyboard; name = Base; path = Base.lproj/LaunchScreen.storyboard; sourceTree = "<group>"; };
		0B6961B71F666C4B00E1FAFF /* Info.plist */ = {isa = PBXFileReference; lastKnownFileType = text.plist.xml; path = Info.plist; sourceTree = "<group>"; };
		0B7BFD851F75336E00BD97DF /* circleTimer.h */ = {isa = PBXFileReference; lastKnownFileType = sourcecode.c.h; path = circleTimer.h; sourceTree = "<group>"; };
		0B7BFD861F75336E00BD97DF /* circleTimer.m */ = {isa = PBXFileReference; lastKnownFileType = sourcecode.c.objc; path = circleTimer.m; sourceTree = "<group>"; };
/* End PBXFileReference section */

/* Begin PBXFrameworksBuildPhase section */
		0B6961A01F666C4B00E1FAFF /* Frameworks */ = {
			isa = PBXFrameworksBuildPhase;
			buildActionMask = 2147483647;
			files = (
			);
			runOnlyForDeploymentPostprocessing = 0;
		};
/* End PBXFrameworksBuildPhase section */

/* Begin PBXGroup section */
		0B69619A1F666C4B00E1FAFF = {
			isa = PBXGroup;
			children = (
				0B6961A51F666C4B00E1FAFF /* Countdown */,
				0B6961A41F666C4B00E1FAFF /* Products */,
			);
			sourceTree = "<group>";
		};
		0B6961A41F666C4B00E1FAFF /* Products */ = {
			isa = PBXGroup;
			children = (
				0B6961A31F666C4B00E1FAFF /* Countdown.app */,
			);
			name = Products;
			sourceTree = "<group>";
		};
		0B6961A51F666C4B00E1FAFF /* Countdown */ = {
			isa = PBXGroup;
			children = (
				0B7BFD881F75337800BD97DF /* circle */,
				0B6961A91F666C4B00E1FAFF /* AppDelegate.h */,
				0B6961AA1F666C4B00E1FAFF /* AppDelegate.m */,
				0B6961AC1F666C4B00E1FAFF /* ViewController.h */,
				0B6961AD1F666C4B00E1FAFF /* ViewController.m */,
				0B6961AF1F666C4B00E1FAFF /* Main.storyboard */,
				0B6961B21F666C4B00E1FAFF /* Assets.xcassets */,
				0B6961B41F666C4B00E1FAFF /* LaunchScreen.storyboard */,
				0B6961B71F666C4B00E1FAFF /* Info.plist */,
				0B6961A61F666C4B00E1FAFF /* Supporting Files */,
			);
			path = Countdown;
			sourceTree = "<group>";
		};
		0B6961A61F666C4B00E1FAFF /* Supporting Files */ = {
			isa = PBXGroup;
			children = (
				0B6961A71F666C4B00E1FAFF /* main.m */,
			);
			name = "Supporting Files";
			sourceTree = "<group>";
		};
		0B7BFD881F75337800BD97DF /* circle */ = {
			isa = PBXGroup;
			children = (
				0B7BFD861F75336E00BD97DF /* circleTimer.m */,
				0B7BFD851F75336E00BD97DF /* circleTimer.h */,
			);
			name = circle;
			sourceTree = "<group>";
		};
/* End PBXGroup section */

/* Begin PBXNativeTarget section */
		0B6961A21F666C4B00E1FAFF /* Countdown */ = {
			isa = PBXNativeTarget;
			buildConfigurationList = 0B6961BA1F666C4B00E1FAFF /* Build configuration list for PBXNativeTarget "Countdown" */;
			buildPhases = (
				0B69619F1F666C4B00E1FAFF /* Sources */,
				0B6961A01F666C4B00E1FAFF /* Frameworks */,
				0B6961A11F666C4B00E1FAFF /* Resources */,
			);
			buildRules = (
			);
			dependencies = (
			);
			name = Countdown;
			productName = Countdown;
			productReference = 0B6961A31F666C4B00E1FAFF /* Countdown.app */;
			productType = "com.apple.product-type.application";
		};
/* End PBXNativeTarget section */

/* Begin PBXProject section */
		0B69619B1F666C4B00E1FAFF /* Project object */ = {
			isa = PBXProject;
			attributes = {
				LastUpgradeCheck = 0830;
				ORGANIZATIONNAME = MAC;
				TargetAttributes = {
					0B6961A21F666C4B00E1FAFF = {
						CreatedOnToolsVersion = 8.3.3;
						DevelopmentTeam = PNKDNHEU67;
						ProvisioningStyle = Automatic;
					};
				};
			};
			buildConfigurationList = 0B69619E1F666C4B00E1FAFF /* Build configuration list for PBXProject "Countdown" */;
			compatibilityVersion = "Xcode 3.2";
			developmentRegion = English;
			hasScannedForEncodings = 0;
			knownRegions = (
				en,
				Base,
			);
			mainGroup = 0B69619A1F666C4B00E1FAFF;
			productRefGroup = 0B6961A41F666C4B00E1FAFF /* Products */;
			projectDirPath = "";
			projectRoot = "";
			targets = (
				0B6961A21F666C4B00E1FAFF /* Countdown */,
			);
		};
/* End PBXProject section */

/* Begin PBXResourcesBuildPhase section */
		0B6961A11F666C4B00E1FAFF /* Resources */ = {
			isa = PBXResourcesBuildPhase;
			buildActionMask = 2147483647;
			files = (
				0B6961B61F666C4B00E1FAFF /* LaunchScreen.storyboard in Resources */,
				0B6961B31F666C4B00E1FAFF /* Assets.xcassets in Resources */,
				0B6961B11F666C4B00E1FAFF /* Main.storyboard in Resources */,
			);
			runOnlyForDeploymentPostprocessing = 0;
		};
/* End PBXResourcesBuildPhase section */

/* Begin PBXSourcesBuildPhase section */
		0B69619F1F666C4B00E1FAFF /* Sources */ = {
			isa = PBXSourcesBuildPhase;
			buildActionMask = 2147483647;
			files = (
				0B6961AE1F666C4B00E1FAFF /* ViewController.m in Sources */,
				0B6961AB1F666C4B00E1FAFF /* AppDelegate.m in Sources */,
				0B6961A81F666C4B00E1FAFF /* main.m in Sources */,
				0B7BFD871F75336E00BD97DF /* circleTimer.m in Sources */,
			);
			runOnlyForDeploymentPostprocessing = 0;
		};
/* End PBXSourcesBuildPhase section */

/* Begin PBXVariantGroup section */
		0B6961AF1F666C4B00E1FAFF /* Main.storyboard */ = {
			isa = PBXVariantGroup;
			children = (
				0B6961B01F666C4B00E1FAFF /* Base */,
			);
			name = Main.storyboard;
			sourceTree = "<group>";
		};
		0B6961B41F666C4B00E1FAFF /* LaunchScreen.storyboard */ = {
			isa = PBXVariantGroup;
			children = (
				0B6961B51F666C4B00E1FAFF /* Base */,
			);
			name = LaunchScreen.storyboard;
			sourceTree = "<group>";
		};
/* End PBXVariantGroup section */

/* Begin XCBuildConfiguration section */
		0B6961B81F666C4B00E1FAFF /* Debug */ = {
			isa = XCBuildConfiguration;
			buildSettings = {
				ALWAYS_SEARCH_USER_PATHS = NO;
				CLANG_ANALYZER_NONNULL = YES;
				CLANG_ANALYZER_NUMBER_OBJECT_CONVERSION = YES_AGGRESSIVE;
				CLANG_CXX_LANGUAGE_STANDARD = "gnu++0x";
				CLANG_CXX_LIBRARY = "libc++";
				CLANG_ENABLE_MODULES = YES;
				CLANG_ENABLE_OBJC_ARC = YES;
				CLANG_WARN_BOOL_CONVERSION = YES;
				CLANG_WARN_CONSTANT_CONVERSION = YES;
				CLANG_WARN_DIRECT_OBJC_ISA_USAGE = YES_ERROR;
				CLANG_WARN_DOCUMENTATION_COMMENTS = YES;
				CLANG_WARN_EMPTY_BODY = YES;
				CLANG_WARN_ENUM_CONVERSION = YES;
				CLANG_WARN_INFINITE_RECURSION = YES;
				CLANG_WARN_INT_CONVERSION = YES;
				CLANG_WARN_OBJC_ROOT_CLASS = YES_ERROR;
				CLANG_WARN_SUSPICIOUS_MOVE = YES;
				CLANG_WARN_UNREACHABLE_CODE = YES;
				CLANG_WARN__DUPLICATE_METHOD_MATCH = YES;
				"CODE_SIGN_IDENTITY[sdk=iphoneos*]" = "iPhone Developer";
				COPY_PHASE_STRIP = NO;
				DEBUG_INFORMATION_FORMAT = dwarf;
				ENABLE_STRICT_OBJC_MSGSEND = YES;
				ENABLE_TESTABILITY = YES;
				GCC_C_LANGUAGE_STANDARD = gnu99;
				GCC_DYNAMIC_NO_PIC = NO;
				GCC_NO_COMMON_BLOCKS = YES;
				GCC_OPTIMIZATION_LEVEL = 0;
				GCC_PREPROCESSOR_DEFINITIONS = (
					"DEBUG=1",
					"$(inherited)",
				);
				GCC_WARN_64_TO_32_BIT_CONVERSION = YES;
				GCC_WARN_ABOUT_RETURN_TYPE = YES_ERROR;
				GCC_WARN_UNDECLARED_SELECTOR = YES;
				GCC_WARN_UNINITIALIZED_AUTOS = YES_AGGRESSIVE;
				GCC_WARN_UNUSED_FUNCTION = YES;
				GCC_WARN_UNUSED_VARIABLE = YES;
				IPHONEOS_DEPLOYMENT_TARGET = 10.3;
				MTL_ENABLE_DEBUG_INFO = YES;
				ONLY_ACTIVE_ARCH = YES;
				SDKROOT = iphoneos;
			};
			name = Debug;
		};
		0B6961B91F666C4B00E1FAFF /* Release */ = {
			isa = XCBuildConfiguration;
			buildSettings = {
				ALWAYS_SEARCH_USER_PATHS = NO;
				CLANG_ANALYZER_NONNULL = YES;
				CLANG_ANALYZER_NUMBER_OBJECT_CONVERSION = YES_AGGRESSIVE;
				CLANG_CXX_LANGUAGE_STANDARD = "gnu++0x";
				CLANG_CXX_LIBRARY = "libc++";
				CLANG_ENABLE_MODULES = YES;
				CLANG_ENABLE_OBJC_ARC = YES;
				CLANG_WARN_BOOL_CONVERSION = YES;
				CLANG_WARN_CONSTANT_CONVERSION = YES;
				CLANG_WARN_DIRECT_OBJC_ISA_USAGE = YES_ERROR;
				CLANG_WARN_DOCUMENTATION_COMMENTS = YES;
				CLANG_WARN_EMPTY_BODY = YES;
				CLANG_WARN_ENUM_CONVERSION = YES;
				CLANG_WARN_INFINITE_RECURSION = YES;
				CLANG_WARN_INT_CONVERSION = YES;
				CLANG_WARN_OBJC_ROOT_CLASS = YES_ERROR;
				CLANG_WARN_SUSPICIOUS_MOVE = YES;
				CLANG_WARN_UNREACHABLE_CODE = YES;
				CLANG_WARN__DUPLICATE_METHOD_MATCH = YES;
				"CODE_SIGN_IDENTITY[sdk=iphoneos*]" = "iPhone Developer";
				COPY_PHASE_STRIP = NO;
				DEBUG_INFORMATION_FORMAT = "dwarf-with-dsym";
				ENABLE_NS_ASSERTIONS = NO;
				ENABLE_STRICT_OBJC_MSGSEND = YES;
				GCC_C_LANGUAGE_STANDARD = gnu99;
				GCC_NO_COMMON_BLOCKS = YES;
				GCC_WARN_64_TO_32_BIT_CONVERSION = YES;
				GCC_WARN_ABOUT_RETURN_TYPE = YES_ERROR;
				GCC_WARN_UNDECLARED_SELECTOR = YES;
				GCC_WARN_UNINITIALIZED_AUTOS = YES_AGGRESSIVE;
				GCC_WARN_UNUSED_FUNCTION = YES;
				GCC_WARN_UNUSED_VARIABLE = YES;
				IPHONEOS_DEPLOYMENT_TARGET = 10.3;
				MTL_ENABLE_DEBUG_INFO = NO;
				SDKROOT = iphoneos;
				VALIDATE_PRODUCT = YES;
			};
			name = Release;
		};
		0B6961BB1F666C4B00E1FAFF /* Debug */ = {
			isa = XCBuildConfiguration;
			buildSettings = {
				ASSETCATALOG_COMPILER_APPICON_NAME = AppIcon;
				DEVELOPMENT_TEAM = PNKDNHEU67;
				INFOPLIST_FILE = Countdown/Info.plist;
				LD_RUNPATH_SEARCH_PATHS = "$(inherited) @executable_path/Frameworks";
				PRODUCT_BUNDLE_IDENTIFIER = com.suntec.Countdown;
				PRODUCT_NAME = "$(TARGET_NAME)";
			};
			name = Debug;
		};
		0B6961BC1F666C4B00E1FAFF /* Release */ = {
			isa = XCBuildConfiguration;
			buildSettings = {
				ASSETCATALOG_COMPILER_APPICON_NAME = AppIcon;
				DEVELOPMENT_TEAM = PNKDNHEU67;
				INFOPLIST_FILE = Countdown/Info.plist;
				LD_RUNPATH_SEARCH_PATHS = "$(inherited) @executable_path/Frameworks";
				PRODUCT_BUNDLE_IDENTIFIER = com.suntec.Countdown;
				PRODUCT_NAME = "$(TARGET_NAME)";
			};
			name = Release;
		};
/* End XCBuildConfiguration section */

/* Begin XCConfigurationList section */
		0B69619E1F666C4B00E1FAFF /* Build configuration list for PBXProject "Countdown" */ = {
			isa = XCConfigurationList;
			buildConfigurations = (
				0B6961B81F666C4B00E1FAFF /* Debug */,
				0B6961B91F666C4B00E1FAFF /* Release */,
			);
			defaultConfigurationIsVisible = 0;
			defaultConfigurationName = Release;
		};
		0B6961BA1F666C4B00E1FAFF /* Build configuration list for PBXNativeTarget "Countdown" */ = {
			isa = XCConfigurationList;
			buildConfigurations = (
				0B6961BB1F666C4B00E1FAFF /* Debug */,
				0B6961BC1F666C4B00E1FAFF /* Release */,
			);
			defaultConfigurationIsVisible = 0;
			defaultConfigurationName = Release;
		};
/* End XCConfigurationList section */
	};
	rootObject = 0B69619B1F666C4B00E1FAFF /* Project object */;
}
